
Microsoft Visual Studio Solution File, Format Version 12.00
# Visual Studio Version 17
VisualStudioVersion = 17.2.32526.322
MinimumVisualStudioVersion = 10.0.40219.1
Project("{FAE04EC0-301F-11D3-BF4B-00C04F79EFBC}") = "class(Abstract)", "class(Abstract)\class(Abstract).csproj", "{63E40C02-E944-48CE-AC5F-31A22BB2164C}"
EndProject
Global
	GlobalSection(SolutionConfigurationPlatforms) = preSolution
		Debug|Any CPU = Debug|Any CPU
		Release|Any CPU = Release|Any CPU
	EndGlobalSection
	GlobalSection(ProjectConfigurationPlatforms) = postSolution
		{63E40C02-E944-48CE-AC5F-31A22BB2164C}.Debug|Any CPU.ActiveCfg = Debug|Any CPU
		{63E40C02-E944-48CE-AC5F-31A22BB2164C}.Debug|Any CPU.Build.0 = Debug|Any CPU
		{63E40C02-E944-48CE-AC5F-31A22BB2164C}.Release|Any CPU.ActiveCfg = Release|Any CPU
		{63E40C02-E944-48CE-AC5F-31A22BB2164C}.Release|Any CPU.Build.0 = Release|Any CPU
	EndGlobalSection
	GlobalSection(SolutionProperties) = preSolution
		HideSolutionNode = FALSE
	EndGlobalSection
	GlobalSection(ExtensibilityGlobals) = postSolution
		SolutionGuid = {1AA53194-0B0E-40D7-AA13-0E8079AE3280}
	EndGlobalSection
EndGlobal
